
Microsoft Visual Studio Solution File, Format Version 12.00
# Visual Studio Version 16
VisualStudioVersion = 16.0.30225.117
MinimumVisualStudioVersion = 10.0.40219.1
Project("{FAE04EC0-301F-11D3-BF4B-00C04F79EFBC}") = "KagamiMochi", "KagamiMochi\KagamiMochi.csproj", "{511C7C0D-2A11-48C0-8913-FA850EE2190D}"
EndProject
Global
	GlobalSection(SolutionConfigurationPlatforms) = preSolution
		Debug|Any CPU = Debug|Any CPU
		Release|Any CPU = Release|Any CPU
	EndGlobalSection
	GlobalSection(ProjectConfigurationPlatforms) = postSolution
		{511C7C0D-2A11-48C0-8913-FA850EE2190D}.Debug|Any CPU.ActiveCfg = Debug|Any CPU
		{511C7C0D-2A11-48C0-8913-FA850EE2190D}.Debug|Any CPU.Build.0 = Debug|Any CPU
		{511C7C0D-2A11-48C0-8913-FA850EE2190D}.Release|Any CPU.ActiveCfg = Release|Any CPU
		{511C7C0D-2A11-48C0-8913-FA850EE2190D}.Release|Any CPU.Build.0 = Release|Any CPU
	EndGlobalSection
	GlobalSection(SolutionProperties) = preSolution
		HideSolutionNode = FALSE
	EndGlobalSection
	GlobalSection(ExtensibilityGlobals) = postSolution
		SolutionGuid = {09E805FE-8C6B-4879-B636-271B61362B79}
	EndGlobalSection
EndGlobal
