
Microsoft Visual Studio Solution File, Format Version 12.00
# Visual Studio Version 16
VisualStudioVersion = 16.0.808.4
MinimumVisualStudioVersion = 10.0.40219.1
Project("{FAE04EC0-301F-11D3-BF4B-00C04F79EFBC}") = "ABC085-A", "ABC085-A\ABC085-A.csproj", "{DD727502-358B-4FE4-A173-2D1EC2711B94}"
EndProject
Global
	GlobalSection(SolutionConfigurationPlatforms) = preSolution
		Debug|anycpu = Debug|anycpu
		Release|anycpu = Release|anycpu
	EndGlobalSection
	GlobalSection(ProjectConfigurationPlatforms) = postSolution
		{DD727502-358B-4FE4-A173-2D1EC2711B94}.Debug|anycpu.ActiveCfg = Debug|anycpu
		{DD727502-358B-4FE4-A173-2D1EC2711B94}.Debug|anycpu.Build.0 = Debug|anycpu
		{DD727502-358B-4FE4-A173-2D1EC2711B94}.Release|anycpu.ActiveCfg = Release|anycpu
		{DD727502-358B-4FE4-A173-2D1EC2711B94}.Release|anycpu.Build.0 = Release|anycpu
	EndGlobalSection
	GlobalSection(SolutionProperties) = preSolution
		HideSolutionNode = FALSE
	EndGlobalSection
	GlobalSection(ExtensibilityGlobals) = postSolution
		SolutionGuid = {F2294F1F-B23D-47A9-96C3-109F1B76EC6F}
	EndGlobalSection
EndGlobal
