
Microsoft Visual Studio Solution File, Format Version 12.00
# Visual Studio Version 16
VisualStudioVersion = 16.0.808.4
MinimumVisualStudioVersion = 10.0.40219.1
Project("{FAE04EC0-301F-11D3-BF4B-00C04F79EFBC}") = "ABC187-C", "ABC187-C\ABC187-C.csproj", "{3801CD68-5061-4078-A726-6776202DAE22}"
EndProject
Global
	GlobalSection(SolutionConfigurationPlatforms) = preSolution
		Debug|anycpu = Debug|anycpu
		Release|anycpu = Release|anycpu
	EndGlobalSection
	GlobalSection(ProjectConfigurationPlatforms) = postSolution
		{3801CD68-5061-4078-A726-6776202DAE22}.Debug|anycpu.ActiveCfg = Debug|anycpu
		{3801CD68-5061-4078-A726-6776202DAE22}.Debug|anycpu.Build.0 = Debug|anycpu
		{3801CD68-5061-4078-A726-6776202DAE22}.Release|anycpu.ActiveCfg = Release|anycpu
		{3801CD68-5061-4078-A726-6776202DAE22}.Release|anycpu.Build.0 = Release|anycpu
	EndGlobalSection
	GlobalSection(SolutionProperties) = preSolution
		HideSolutionNode = FALSE
	EndGlobalSection
	GlobalSection(ExtensibilityGlobals) = postSolution
		SolutionGuid = {B0671AE3-E082-4045-9734-DD81E17AC3E5}
	EndGlobalSection
EndGlobal
