
Microsoft Visual Studio Solution File, Format Version 12.00
# Visual Studio Version 16
VisualStudioVersion = 16.0.30225.117
MinimumVisualStudioVersion = 10.0.40219.1
Project("{FAE04EC0-301F-11D3-BF4B-00C04F79EFBC}") = "CardGameforTwo", "CardGameforTwo\CardGameforTwo.csproj", "{668189D1-84D8-4100-B342-3D38C7878141}"
EndProject
Global
	GlobalSection(SolutionConfigurationPlatforms) = preSolution
		Debug|Any CPU = Debug|Any CPU
		Release|Any CPU = Release|Any CPU
	EndGlobalSection
	GlobalSection(ProjectConfigurationPlatforms) = postSolution
		{668189D1-84D8-4100-B342-3D38C7878141}.Debug|Any CPU.ActiveCfg = Debug|Any CPU
		{668189D1-84D8-4100-B342-3D38C7878141}.Debug|Any CPU.Build.0 = Debug|Any CPU
		{668189D1-84D8-4100-B342-3D38C7878141}.Release|Any CPU.ActiveCfg = Release|Any CPU
		{668189D1-84D8-4100-B342-3D38C7878141}.Release|Any CPU.Build.0 = Release|Any CPU
	EndGlobalSection
	GlobalSection(SolutionProperties) = preSolution
		HideSolutionNode = FALSE
	EndGlobalSection
	GlobalSection(ExtensibilityGlobals) = postSolution
		SolutionGuid = {22FBFC82-FFB2-4C98-AAB6-595D96E52670}
	EndGlobalSection
EndGlobal
