
Microsoft Visual Studio Solution File, Format Version 12.00
# Visual Studio Version 16
VisualStudioVersion = 16.0.30225.117
MinimumVisualStudioVersion = 10.0.40219.1
Project("{FAE04EC0-301F-11D3-BF4B-00C04F79EFBC}") = "ABC075-B", "ABC075-B\ABC075-B.csproj", "{12266C29-87CF-4FF9-A903-845A2C1540C8}"
EndProject
Global
	GlobalSection(SolutionConfigurationPlatforms) = preSolution
		Debug|Any CPU = Debug|Any CPU
		Release|Any CPU = Release|Any CPU
	EndGlobalSection
	GlobalSection(ProjectConfigurationPlatforms) = postSolution
		{12266C29-87CF-4FF9-A903-845A2C1540C8}.Debug|Any CPU.ActiveCfg = Debug|Any CPU
		{12266C29-87CF-4FF9-A903-845A2C1540C8}.Debug|Any CPU.Build.0 = Debug|Any CPU
		{12266C29-87CF-4FF9-A903-845A2C1540C8}.Release|Any CPU.ActiveCfg = Release|Any CPU
		{12266C29-87CF-4FF9-A903-845A2C1540C8}.Release|Any CPU.Build.0 = Release|Any CPU
	EndGlobalSection
	GlobalSection(SolutionProperties) = preSolution
		HideSolutionNode = FALSE
	EndGlobalSection
	GlobalSection(ExtensibilityGlobals) = postSolution
		SolutionGuid = {45CF039E-2CE8-41E7-863C-380A5C061492}
	EndGlobalSection
EndGlobal
