
Microsoft Visual Studio Solution File, Format Version 12.00
# Visual Studio Version 16
VisualStudioVersion = 16.0.30225.117
MinimumVisualStudioVersion = 10.0.40219.1
Project("{FAE04EC0-301F-11D3-BF4B-00C04F79EFBC}") = "Shiftonly", "Shiftonly\Shiftonly.csproj", "{706C1977-353E-41D8-8E1F-2D719ACEFDCB}"
EndProject
Global
	GlobalSection(SolutionConfigurationPlatforms) = preSolution
		Debug|Any CPU = Debug|Any CPU
		Release|Any CPU = Release|Any CPU
	EndGlobalSection
	GlobalSection(ProjectConfigurationPlatforms) = postSolution
		{706C1977-353E-41D8-8E1F-2D719ACEFDCB}.Debug|Any CPU.ActiveCfg = Debug|Any CPU
		{706C1977-353E-41D8-8E1F-2D719ACEFDCB}.Debug|Any CPU.Build.0 = Debug|Any CPU
		{706C1977-353E-41D8-8E1F-2D719ACEFDCB}.Release|Any CPU.ActiveCfg = Release|Any CPU
		{706C1977-353E-41D8-8E1F-2D719ACEFDCB}.Release|Any CPU.Build.0 = Release|Any CPU
	EndGlobalSection
	GlobalSection(SolutionProperties) = preSolution
		HideSolutionNode = FALSE
	EndGlobalSection
	GlobalSection(ExtensibilityGlobals) = postSolution
		SolutionGuid = {69395956-749E-4ED4-873E-C5679EBC4437}
	EndGlobalSection
EndGlobal
